
Microsoft Visual Studio Solution File, Format Version 12.00
# Visual Studio Version 17
VisualStudioVersion = 17.13.35919.96
MinimumVisualStudioVersion = 10.0.40219.1
Project("{CC5FD16D-436D-48AD-A40C-5A424C6E3E79}") = "MovieDiscussionService", "MovieDiscussionService\MovieDiscussionService.ccproj", "{E8B126A4-59FC-4329-9C50-89B66D4A7F0B}"
EndProject
Project("{FAE04EC0-301F-11D3-BF4B-00C04F79EFBC}") = "MovieDiscussionService_WebRole", "MovieDiscussionService_WebRole\MovieDiscussionService_WebRole.csproj", "{DAC1DB2C-ABA9-4DB6-B850-67371A1BA6BE}"
EndProject
Project("{FAE04EC0-301F-11D3-BF4B-00C04F79EFBC}") = "MovieDiscussionService_Data", "MovieDiscussionService_Data\MovieDiscussionService_Data.csproj", "{1B9EB085-6B5C-4137-86A1-79ED10E8EDAE}"
EndProject
Project("{FAE04EC0-301F-11D3-BF4B-00C04F79EFBC}") = "AdminTools", "AdminTools\AdminTools.csproj", "{97133FD8-9E6F-4CC0-B369-476E90225355}"
EndProject
Project("{FAE04EC0-301F-11D3-BF4B-00C04F79EFBC}") = "NotificationService", "NotificationService\NotificationService.csproj", "{BF797B93-34BC-41BD-B7F9-CD776CF90A99}"
EndProject
Project("{FAE04EC0-301F-11D3-BF4B-00C04F79EFBC}") = "WorkerRoleService", "WorkerRoleService\WorkerRoleService.csproj", "{5AD50C13-8666-4AD1-8499-4FA8B2F187BE}"
EndProject
Project("{FAE04EC0-301F-11D3-BF4B-00C04F79EFBC}") = "HealthMonitoringService", "HealthMonitoringService\HealthMonitoringService.csproj", "{527D0F75-F2DC-4BF1-9E44-B299EC3D3750}"
EndProject
Project("{FAE04EC0-301F-11D3-BF4B-00C04F79EFBC}") = "MovieDiscussionService_Contracts", "MovieDiscussionService_Contracts\MovieDiscussionService_Contracts.csproj", "{3A8D4C0F-D9F5-4D74-993A-061E8F531915}"
EndProject
Project("{FAE04EC0-301F-11D3-BF4B-00C04F79EFBC}") = "HealthStatusService_WebRole", "HealthStatusService_WebRole\HealthStatusService_WebRole.csproj", "{55EC31E4-546E-484C-9C6C-1C6CF76E4B92}"
EndProject
Global
	GlobalSection(SolutionConfigurationPlatforms) = preSolution
		Debug|Any CPU = Debug|Any CPU
		Release|Any CPU = Release|Any CPU
	EndGlobalSection
	GlobalSection(ProjectConfigurationPlatforms) = postSolution
		{E8B126A4-59FC-4329-9C50-89B66D4A7F0B}.Debug|Any CPU.ActiveCfg = Debug|Any CPU
		{E8B126A4-59FC-4329-9C50-89B66D4A7F0B}.Debug|Any CPU.Build.0 = Debug|Any CPU
		{E8B126A4-59FC-4329-9C50-89B66D4A7F0B}.Release|Any CPU.ActiveCfg = Release|Any CPU
		{E8B126A4-59FC-4329-9C50-89B66D4A7F0B}.Release|Any CPU.Build.0 = Release|Any CPU
		{DAC1DB2C-ABA9-4DB6-B850-67371A1BA6BE}.Debug|Any CPU.ActiveCfg = Debug|Any CPU
		{DAC1DB2C-ABA9-4DB6-B850-67371A1BA6BE}.Debug|Any CPU.Build.0 = Debug|Any CPU
		{DAC1DB2C-ABA9-4DB6-B850-67371A1BA6BE}.Release|Any CPU.ActiveCfg = Release|Any CPU
		{DAC1DB2C-ABA9-4DB6-B850-67371A1BA6BE}.Release|Any CPU.Build.0 = Release|Any CPU
		{1B9EB085-6B5C-4137-86A1-79ED10E8EDAE}.Debug|Any CPU.ActiveCfg = Debug|Any CPU
		{1B9EB085-6B5C-4137-86A1-79ED10E8EDAE}.Debug|Any CPU.Build.0 = Debug|Any CPU
		{1B9EB085-6B5C-4137-86A1-79ED10E8EDAE}.Release|Any CPU.ActiveCfg = Release|Any CPU
		{1B9EB085-6B5C-4137-86A1-79ED10E8EDAE}.Release|Any CPU.Build.0 = Release|Any CPU
		{97133FD8-9E6F-4CC0-B369-476E90225355}.Debug|Any CPU.ActiveCfg = Debug|Any CPU
		{97133FD8-9E6F-4CC0-B369-476E90225355}.Debug|Any CPU.Build.0 = Debug|Any CPU
		{97133FD8-9E6F-4CC0-B369-476E90225355}.Release|Any CPU.ActiveCfg = Release|Any CPU
		{97133FD8-9E6F-4CC0-B369-476E90225355}.Release|Any CPU.Build.0 = Release|Any CPU
		{BF797B93-34BC-41BD-B7F9-CD776CF90A99}.Debug|Any CPU.ActiveCfg = Debug|Any CPU
		{BF797B93-34BC-41BD-B7F9-CD776CF90A99}.Debug|Any CPU.Build.0 = Debug|Any CPU
		{BF797B93-34BC-41BD-B7F9-CD776CF90A99}.Release|Any CPU.ActiveCfg = Release|Any CPU
		{BF797B93-34BC-41BD-B7F9-CD776CF90A99}.Release|Any CPU.Build.0 = Release|Any CPU
		{5AD50C13-8666-4AD1-8499-4FA8B2F187BE}.Debug|Any CPU.ActiveCfg = Debug|Any CPU
		{5AD50C13-8666-4AD1-8499-4FA8B2F187BE}.Debug|Any CPU.Build.0 = Debug|Any CPU
		{5AD50C13-8666-4AD1-8499-4FA8B2F187BE}.Release|Any CPU.ActiveCfg = Release|Any CPU
		{5AD50C13-8666-4AD1-8499-4FA8B2F187BE}.Release|Any CPU.Build.0 = Release|Any CPU
		{527D0F75-F2DC-4BF1-9E44-B299EC3D3750}.Debug|Any CPU.ActiveCfg = Debug|Any CPU
		{527D0F75-F2DC-4BF1-9E44-B299EC3D3750}.Debug|Any CPU.Build.0 = Debug|Any CPU
		{527D0F75-F2DC-4BF1-9E44-B299EC3D3750}.Release|Any CPU.ActiveCfg = Release|Any CPU
		{527D0F75-F2DC-4BF1-9E44-B299EC3D3750}.Release|Any CPU.Build.0 = Release|Any CPU
		{3A8D4C0F-D9F5-4D74-993A-061E8F531915}.Debug|Any CPU.ActiveCfg = Debug|Any CPU
		{3A8D4C0F-D9F5-4D74-993A-061E8F531915}.Debug|Any CPU.Build.0 = Debug|Any CPU
		{3A8D4C0F-D9F5-4D74-993A-061E8F531915}.Release|Any CPU.ActiveCfg = Release|Any CPU
		{3A8D4C0F-D9F5-4D74-993A-061E8F531915}.Release|Any CPU.Build.0 = Release|Any CPU
		{55EC31E4-546E-484C-9C6C-1C6CF76E4B92}.Debug|Any CPU.ActiveCfg = Debug|Any CPU
		{55EC31E4-546E-484C-9C6C-1C6CF76E4B92}.Debug|Any CPU.Build.0 = Debug|Any CPU
		{55EC31E4-546E-484C-9C6C-1C6CF76E4B92}.Release|Any CPU.ActiveCfg = Release|Any CPU
		{55EC31E4-546E-484C-9C6C-1C6CF76E4B92}.Release|Any CPU.Build.0 = Release|Any CPU
	EndGlobalSection
	GlobalSection(SolutionProperties) = preSolution
		HideSolutionNode = FALSE
	EndGlobalSection
	GlobalSection(ExtensibilityGlobals) = postSolution
		SolutionGuid = {B1E58E6F-8F28-456A-8D18-E2FBECD59D4A}
	EndGlobalSection
EndGlobal
